
Microsoft Visual Studio Solution File, Format Version 12.00
# Visual Studio 15
VisualStudioVersion = 15.0.28307.489
MinimumVisualStudioVersion = 10.0.40219.1
Project("{FAE04EC0-301F-11D3-BF4B-00C04F79EFBC}") = "GitSearcher.Android", "GitSearcher\GitSearcher.Android\GitSearcher.Android.csproj", "{6AA0752E-EB24-40B9-91C9-98A024CDEAB0}"
EndProject
Project("{9A19103F-16F7-4668-BE54-9A1E7A4F7556}") = "GitSearcher", "GitSearcher\GitSearcher\GitSearcher.csproj", "{074AB446-3714-4BA4-B75D-E3274D0F28EA}"
EndProject
Project("{FAE04EC0-301F-11D3-BF4B-00C04F79EFBC}") = "NunitTest", "NunitTest\NunitTest.csproj", "{EA58DA24-BFF9-4630-B776-F40533F5C2F9}"
EndProject
Global
	GlobalSection(SolutionConfigurationPlatforms) = preSolution
		Debug|Any CPU = Debug|Any CPU
		Release|Any CPU = Release|Any CPU
	EndGlobalSection
	GlobalSection(ProjectConfigurationPlatforms) = postSolution
		{6AA0752E-EB24-40B9-91C9-98A024CDEAB0}.Debug|Any CPU.ActiveCfg = Debug|Any CPU
		{6AA0752E-EB24-40B9-91C9-98A024CDEAB0}.Debug|Any CPU.Build.0 = Debug|Any CPU
		{6AA0752E-EB24-40B9-91C9-98A024CDEAB0}.Debug|Any CPU.Deploy.0 = Debug|Any CPU
		{6AA0752E-EB24-40B9-91C9-98A024CDEAB0}.Release|Any CPU.ActiveCfg = Release|Any CPU
		{6AA0752E-EB24-40B9-91C9-98A024CDEAB0}.Release|Any CPU.Build.0 = Release|Any CPU
		{6AA0752E-EB24-40B9-91C9-98A024CDEAB0}.Release|Any CPU.Deploy.0 = Release|Any CPU
		{074AB446-3714-4BA4-B75D-E3274D0F28EA}.Debug|Any CPU.ActiveCfg = Debug|Any CPU
		{074AB446-3714-4BA4-B75D-E3274D0F28EA}.Debug|Any CPU.Build.0 = Debug|Any CPU
		{074AB446-3714-4BA4-B75D-E3274D0F28EA}.Release|Any CPU.ActiveCfg = Release|Any CPU
		{074AB446-3714-4BA4-B75D-E3274D0F28EA}.Release|Any CPU.Build.0 = Release|Any CPU
		{EA58DA24-BFF9-4630-B776-F40533F5C2F9}.Debug|Any CPU.ActiveCfg = Debug|Any CPU
		{EA58DA24-BFF9-4630-B776-F40533F5C2F9}.Debug|Any CPU.Build.0 = Debug|Any CPU
		{EA58DA24-BFF9-4630-B776-F40533F5C2F9}.Release|Any CPU.ActiveCfg = Release|Any CPU
		{EA58DA24-BFF9-4630-B776-F40533F5C2F9}.Release|Any CPU.Build.0 = Release|Any CPU
	EndGlobalSection
	GlobalSection(SolutionProperties) = preSolution
		HideSolutionNode = FALSE
	EndGlobalSection
	GlobalSection(ExtensibilityGlobals) = postSolution
		SolutionGuid = {A1CB22A1-D510-4EB2-8B56-3C781E81A0DA}
	EndGlobalSection
EndGlobal
